
Microsoft Visual Studio Solution File, Format Version 12.00
# Visual Studio 2012
Project("{FAE04EC0-301F-11D3-BF4B-00C04F79EFBC}") = "HelloDockerApi", "HelloDockerApi\HelloDockerApi.csproj", "{1B2267B9-F616-4FC8-B353-1C23899ACD72}"
EndProject
Global
	GlobalSection(SolutionConfigurationPlatforms) = preSolution
		Debug|Any CPU = Debug|Any CPU
		Release|Any CPU = Release|Any CPU
	EndGlobalSection
	GlobalSection(ProjectConfigurationPlatforms) = postSolution
		{1B2267B9-F616-4FC8-B353-1C23899ACD72}.Debug|Any CPU.ActiveCfg = Debug|Any CPU
		{1B2267B9-F616-4FC8-B353-1C23899ACD72}.Debug|Any CPU.Build.0 = Debug|Any CPU
		{1B2267B9-F616-4FC8-B353-1C23899ACD72}.Release|Any CPU.ActiveCfg = Release|Any CPU
		{1B2267B9-F616-4FC8-B353-1C23899ACD72}.Release|Any CPU.Build.0 = Release|Any CPU
	EndGlobalSection
EndGlobal
